Microsoft Visual Studio Solution File, Format Version 12.00
# Visual Studio Version 17
VisualStudioVersion = 17.5.2.0
MinimumVisualStudioVersion = 10.0.40219.1
Project("{FAE04EC0-301F-11D3-BF4B-00C04F79EFBC}") = "MyBlazerApp", "MyBlazerApp.csproj", "{BBB69684-E8A5-76EA-FF29-0E7F8B7551FD}"
EndProject
Global
	GlobalSection(SolutionConfigurationPlatforms) = preSolution
		Debug|Any CPU = Debug|Any CPU
		Release|Any CPU = Release|Any CPU
	EndGlobalSection
	GlobalSection(ProjectConfigurationPlatforms) = postSolution
		{BBB69684-E8A5-76EA-FF29-0E7F8B7551FD}.Debug|Any CPU.ActiveCfg = Debug|Any CPU
		{BBB69684-E8A5-76EA-FF29-0E7F8B7551FD}.Debug|Any CPU.Build.0 = Debug|Any CPU
		{BBB69684-E8A5-76EA-FF29-0E7F8B7551FD}.Release|Any CPU.ActiveCfg = Release|Any CPU
		{BBB69684-E8A5-76EA-FF29-0E7F8B7551FD}.Release|Any CPU.Build.0 = Release|Any CPU
	EndGlobalSection
	GlobalSection(SolutionProperties) = preSolution
		HideSolutionNode = FALSE
	EndGlobalSection
	GlobalSection(ExtensibilityGlobals) = postSolution
		SolutionGuid = {6DDE915A-6675-40F4-AC6A-9CF9DC681503}
	EndGlobalSection
EndGlobal
